
Microsoft Visual Studio Solution File, Format Version 12.00
# Visual Studio 15
VisualStudioVersion = 15.0.28307.1831
MinimumVisualStudioVersion = 10.0.40219.1
Project("{FAE04EC0-301F-11D3-BF4B-00C04F79EFBC}") = "IMDB", "IMDB\IMDB.csproj", "{37F3096A-1046-4429-9F07-F5090159C334}"
EndProject
Global
	GlobalSection(SolutionConfigurationPlatforms) = preSolution
		Debug|Any CPU = Debug|Any CPU
		Release|Any CPU = Release|Any CPU
	EndGlobalSection
	GlobalSection(ProjectConfigurationPlatforms) = postSolution
		{37F3096A-1046-4429-9F07-F5090159C334}.Debug|Any CPU.ActiveCfg = Debug|Any CPU
		{37F3096A-1046-4429-9F07-F5090159C334}.Debug|Any CPU.Build.0 = Debug|Any CPU
		{37F3096A-1046-4429-9F07-F5090159C334}.Release|Any CPU.ActiveCfg = Release|Any CPU
		{37F3096A-1046-4429-9F07-F5090159C334}.Release|Any CPU.Build.0 = Release|Any CPU
	EndGlobalSection
	GlobalSection(SolutionProperties) = preSolution
		HideSolutionNode = FALSE
	EndGlobalSection
	GlobalSection(ExtensibilityGlobals) = postSolution
		SolutionGuid = {8F81E371-8F3A-496A-9A78-761BF38BA9C3}
	EndGlobalSection
EndGlobal
